# THIS IS AN AUTOGENERATED FILE. DO NOT EDIT THIS FILE DIRECTLY.
# yarn lockfile v1


asciidoctor-kroki@^0.9.2:
  version "0.9.2"
  resolved "https://registry.yarnpkg.com/asciidoctor-kroki/-/asciidoctor-kroki-0.9.2.tgz#20092edfd541df0d0d29014eb983a7f65b7cae39"
  integrity sha512-tcqDezMIuzDmJMPALJeqPjFZonwlCk1gfKJPTU3jpVgrYeWSqlN6renMtCRcuwXVb1Tl2zNE0WC7tNFSuSpp8Q==
  dependencies:
    json5 "^2.1.3"
    mkdirp "^1.0.4"
    pako "^1.0.10"
    rusha "^0.8.13"
    unxhr "1.0.4"

json5@^2.1.3:
  version "2.1.3"
  resolved "https://registry.yarnpkg.com/json5/-/json5-2.1.3.tgz#c9b0f7fa9233bfe5807fe66fcf3a5617ed597d43"
  integrity sha512-KXPvOm8K9IJKFM0bmdn8QXh7udDh1g/giieX0NLCaMnb4hEiVFqnop2ImTXCc5e0/oHz3LTqmHGtExn5hfMkOA==
  dependencies:
    minimist "^1.2.5"

minimist@^1.2.5:
  version "1.2.6"
  resolved "https://registry.yarnpkg.com/minimist/-/minimist-1.2.6.tgz#8637a5b759ea0d6e98702cfb3a9283323c93af44"
  integrity sha512-Jsjnk4bw3YJqYzbdyBiNsPWHPfO++UGG749Cxs6peCu5Xg4nrena6OVxOYxrQTqww0Jmwt+Ref8rggumkTLz9Q==

mkdirp@^1.0.4:
  version "1.0.4"
  resolved "https://registry.yarnpkg.com/mkdirp/-/mkdirp-1.0.4.tgz#3eb5ed62622756d79a5f0e2a221dfebad75c2f7e"
  integrity sha512-vVqVZQyf3WLx2Shd0qJ9xuvqgAyKPLAiqITEtqW0oIUjzo3PePDd6fW9iFz30ef7Ysp/oiWqbhszeGWW2T6Gzw==

pako@^1.0.10:
  version "1.0.11"
  resolved "https://registry.yarnpkg.com/pako/-/pako-1.0.11.tgz#6c9599d340d54dfd3946380252a35705a6b992bf"
  integrity sha512-4hLB8Py4zZce5s4yd9XzopqwVv/yGNhV1Bl8NTmCq1763HeK2+EwVTv+leGeL13Dnh2wfbqowVPXCIO0z4taYw==

rusha@^0.8.13:
  version "0.8.13"
  resolved "https://registry.yarnpkg.com/rusha/-/rusha-0.8.13.tgz#9a084e7b860b17bff3015b92c67a6a336191513a"
  integrity sha1-mghOe4YLF7/zAVuSxnpqM2GRUTo=

unxhr@1.0.4:
  version "1.0.4"
  resolved "https://registry.yarnpkg.com/unxhr/-/unxhr-1.0.4.tgz#88522179d732a887582d05c1cf38ece81e7008b9"
  integrity sha512-W0qjLVsaTdVB2GRHFIxPI/5Ej07aLs3kSLUgLYhrqrUP4c12jXYYJJeGwGLl9PWlR4YSP6Yq5johgv113C4N8g==
